
Microsoft Visual Studio Solution File, Format Version 12.00
# Visual Studio Version 17
VisualStudioVersion = 17.0.31912.275
MinimumVisualStudioVersion = 10.0.40219.1
Project("{9A19103F-16F7-4668-BE54-9A1E7A4F7556}") = "dotnet5", "dotnet5\dotnet5.csproj", "{4255D3AB-F14E-4881-9371-474C005AA67A}"
EndProject
Project("{9A19103F-16F7-4668-BE54-9A1E7A4F7556}") = "dotnet6", "dotnet6\dotnet6.csproj", "{2E092EF8-F609-45DE-BE54-C63789E96352}"
EndProject
Global
	GlobalSection(SolutionConfigurationPlatforms) = preSolution
		Debug|Any CPU = Debug|Any CPU
		Release|Any CPU = Release|Any CPU
	EndGlobalSection
	GlobalSection(ProjectConfigurationPlatforms) = postSolution
		{4255D3AB-F14E-4881-9371-474C005AA67A}.Debug|Any CPU.ActiveCfg = Debug|Any CPU
		{4255D3AB-F14E-4881-9371-474C005AA67A}.Debug|Any CPU.Build.0 = Debug|Any CPU
		{4255D3AB-F14E-4881-9371-474C005AA67A}.Release|Any CPU.ActiveCfg = Release|Any CPU
		{4255D3AB-F14E-4881-9371-474C005AA67A}.Release|Any CPU.Build.0 = Release|Any CPU
		{2E092EF8-F609-45DE-BE54-C63789E96352}.Debug|Any CPU.ActiveCfg = Debug|Any CPU
		{2E092EF8-F609-45DE-BE54-C63789E96352}.Debug|Any CPU.Build.0 = Debug|Any CPU
		{2E092EF8-F609-45DE-BE54-C63789E96352}.Release|Any CPU.ActiveCfg = Release|Any CPU
		{2E092EF8-F609-45DE-BE54-C63789E96352}.Release|Any CPU.Build.0 = Release|Any CPU
	EndGlobalSection
	GlobalSection(SolutionProperties) = preSolution
		HideSolutionNode = FALSE
	EndGlobalSection
	GlobalSection(ExtensibilityGlobals) = postSolution
		SolutionGuid = {9B8F14E7-E10A-4C2C-BEBD-15B61EDA6B61}
	EndGlobalSection
EndGlobal
